// !$*UTF8*$!
{
	archiveVersion = 1;
	classes = {
	};
	objectVersion = 50;
	objects = {

/* Begin PBXFileReference section */
		DD77851026E57E2C00465A84 /* src */ = {isa = PBXFileReference; lastKnownFileType = folder; path = src; sourceTree = "<group>"; };
/* End PBXFileReference section */

/* Begin PBXGroup section */
		DD437E5A26E3F55100F63B87 = {
			isa = PBXGroup;
			children = (
				DD77851026E57E2C00465A84 /* src */,
			);
			sourceTree = "<group>";
		};
/* End PBXGroup section */

/* Begin PBXProject section */
		DD437E5B26E3F55100F63B87 /* Project object */ = {
			isa = PBXProject;
			attributes = {
				LastUpgradeCheck = 1150;
			};
			buildConfigurationList = DD437E5E26E3F55100F63B87 /* Build configuration list for PBXProject "lang" */;
			compatibilityVersion = "Xcode 9.3";
			developmentRegion = en;
			hasScannedForEncodings = 0;
			knownRegions = (
				en,
				Base,
			);
			mainGroup = DD437E5A26E3F55100F63B87;
			projectDirPath = "";
			projectRoot = "";
			targets = (
			);
		};
/* End PBXProject section */

/* Begin XCBuildConfiguration section */
		DD437E5F26E3F55100F63B87 /* Debug */ = {
			isa = XCBuildConfiguration;
			buildSettings = {
			};
			name = Debug;
		};
		DD437E6026E3F55100F63B87 /* Release */ = {
			isa = XCBuildConfiguration;
			buildSettings = {
			};
			name = Release;
		};
/* End XCBuildConfiguration section */

/* Begin XCConfigurationList section */
		DD437E5E26E3F55100F63B87 /* Build configuration list for PBXProject "lang" */ = {
			isa = XCConfigurationList;
			buildConfigurations = (
				DD437E5F26E3F55100F63B87 /* Debug */,
				DD437E6026E3F55100F63B87 /* Release */,
			);
			defaultConfigurationIsVisible = 0;
			defaultConfigurationName = Release;
		};
/* End XCConfigurationList section */
	};
	rootObject = DD437E5B26E3F55100F63B87 /* Project object */;
}
